
Microsoft Visual Studio Solution File, Format Version 12.00
# Visual Studio Version 17
VisualStudioVersion = 17.2.32616.157
MinimumVisualStudioVersion = 10.0.40219.1
Project("{FAE04EC0-301F-11D3-BF4B-00C04F79EFBC}") = "ExpenseTracker", "ExpenseTracker.csproj", "{C80DEDF0-C8BE-4403-BB51-1A4089CF0D7D}"
EndProject
Global
	GlobalSection(SolutionConfigurationPlatforms) = preSolution
		Debug|Any CPU = Debug|Any CPU
		Release|Any CPU = Release|Any CPU
	EndGlobalSection
	GlobalSection(ProjectConfigurationPlatforms) = postSolution
		{C80DEDF0-C8BE-4403-BB51-1A4089CF0D7D}.Debug|Any CPU.ActiveCfg = Debug|Any CPU
		{C80DEDF0-C8BE-4403-BB51-1A4089CF0D7D}.Debug|Any CPU.Build.0 = Debug|Any CPU
		{C80DEDF0-C8BE-4403-BB51-1A4089CF0D7D}.Release|Any CPU.ActiveCfg = Release|Any CPU
		{C80DEDF0-C8BE-4403-BB51-1A4089CF0D7D}.Release|Any CPU.Build.0 = Release|Any CPU
	EndGlobalSection
	GlobalSection(SolutionProperties) = preSolution
		HideSolutionNode = FALSE
	EndGlobalSection
	GlobalSection(ExtensibilityGlobals) = postSolution
		SolutionGuid = {33D07201-7C5E-4316-A6E1-8FAF0174B6F6}
	EndGlobalSection
EndGlobal
